
Microsoft Visual Studio Solution File, Format Version 12.00
# Visual Studio Version 17
VisualStudioVersion = 17.9.34714.143
MinimumVisualStudioVersion = 10.0.40219.1
Project("{2150E333-8FDC-42A3-9474-1A3956D46DE8}") = "src", "src", "{63272B6E-612B-4C64-B32C-0184E5C7E6D1}"
EndProject
Project("{9A19103F-16F7-4668-BE54-9A1E7A4F7556}") = "Api", "src\Api\Api.csproj", "{8390D92F-6DD8-467C-9BC9-311B5822D595}"
EndProject
Project("{9A19103F-16F7-4668-BE54-9A1E7A4F7556}") = "Application", "src\Application\Application.csproj", "{27659E7E-6771-4D8E-A43A-08DDFE7B7B4C}"
EndProject
Project("{9A19103F-16F7-4668-BE54-9A1E7A4F7556}") = "Domain", "src\Domain\Domain.csproj", "{29108FCA-5751-4605-99D5-4F566DF8BC37}"
EndProject
Project("{9A19103F-16F7-4668-BE54-9A1E7A4F7556}") = "Infrastructure", "src\Infrastructure\Infrastructure.csproj", "{99AE2A37-5288-46A3-A82E-72C866067426}"
EndProject
Project("{2150E333-8FDC-42A3-9474-1A3956D46DE8}") = "tests", "tests", "{8BD29AEE-9359-4865-B38D-74AB0D30416A}"
EndProject
Project("{FAE04EC0-301F-11D3-BF4B-00C04F79EFBC}") = "ApiUnitTests", "tests\ApiUnitTests\ApiUnitTests.csproj", "{53773598-BEFC-4972-B92C-C700B77A1811}"
EndProject
Project("{FAE04EC0-301F-11D3-BF4B-00C04F79EFBC}") = "ApplicationUnitTests", "tests\ApplicationUnitTests\ApplicationUnitTests.csproj", "{0099209A-EE7B-4F35-ADEF-2D4F0144B7B5}"
EndProject
Global
	GlobalSection(SolutionConfigurationPlatforms) = preSolution
		Debug|Any CPU = Debug|Any CPU
		Release|Any CPU = Release|Any CPU
	EndGlobalSection
	GlobalSection(ProjectConfigurationPlatforms) = postSolution
		{8390D92F-6DD8-467C-9BC9-311B5822D595}.Debug|Any CPU.ActiveCfg = Debug|Any CPU
		{8390D92F-6DD8-467C-9BC9-311B5822D595}.Debug|Any CPU.Build.0 = Debug|Any CPU
		{8390D92F-6DD8-467C-9BC9-311B5822D595}.Release|Any CPU.ActiveCfg = Release|Any CPU
		{8390D92F-6DD8-467C-9BC9-311B5822D595}.Release|Any CPU.Build.0 = Release|Any CPU
		{27659E7E-6771-4D8E-A43A-08DDFE7B7B4C}.Debug|Any CPU.ActiveCfg = Debug|Any CPU
		{27659E7E-6771-4D8E-A43A-08DDFE7B7B4C}.Debug|Any CPU.Build.0 = Debug|Any CPU
		{27659E7E-6771-4D8E-A43A-08DDFE7B7B4C}.Release|Any CPU.ActiveCfg = Release|Any CPU
		{27659E7E-6771-4D8E-A43A-08DDFE7B7B4C}.Release|Any CPU.Build.0 = Release|Any CPU
		{29108FCA-5751-4605-99D5-4F566DF8BC37}.Debug|Any CPU.ActiveCfg = Debug|Any CPU
		{29108FCA-5751-4605-99D5-4F566DF8BC37}.Debug|Any CPU.Build.0 = Debug|Any CPU
		{29108FCA-5751-4605-99D5-4F566DF8BC37}.Release|Any CPU.ActiveCfg = Release|Any CPU
		{29108FCA-5751-4605-99D5-4F566DF8BC37}.Release|Any CPU.Build.0 = Release|Any CPU
		{99AE2A37-5288-46A3-A82E-72C866067426}.Debug|Any CPU.ActiveCfg = Debug|Any CPU
		{99AE2A37-5288-46A3-A82E-72C866067426}.Debug|Any CPU.Build.0 = Debug|Any CPU
		{99AE2A37-5288-46A3-A82E-72C866067426}.Release|Any CPU.ActiveCfg = Release|Any CPU
		{99AE2A37-5288-46A3-A82E-72C866067426}.Release|Any CPU.Build.0 = Release|Any CPU
		{53773598-BEFC-4972-B92C-C700B77A1811}.Debug|Any CPU.ActiveCfg = Debug|Any CPU
		{53773598-BEFC-4972-B92C-C700B77A1811}.Debug|Any CPU.Build.0 = Debug|Any CPU
		{53773598-BEFC-4972-B92C-C700B77A1811}.Release|Any CPU.ActiveCfg = Release|Any CPU
		{53773598-BEFC-4972-B92C-C700B77A1811}.Release|Any CPU.Build.0 = Release|Any CPU
		{0099209A-EE7B-4F35-ADEF-2D4F0144B7B5}.Debug|Any CPU.ActiveCfg = Debug|Any CPU
		{0099209A-EE7B-4F35-ADEF-2D4F0144B7B5}.Debug|Any CPU.Build.0 = Debug|Any CPU
		{0099209A-EE7B-4F35-ADEF-2D4F0144B7B5}.Release|Any CPU.ActiveCfg = Release|Any CPU
		{0099209A-EE7B-4F35-ADEF-2D4F0144B7B5}.Release|Any CPU.Build.0 = Release|Any CPU
	EndGlobalSection
	GlobalSection(SolutionProperties) = preSolution
		HideSolutionNode = FALSE
	EndGlobalSection
	GlobalSection(NestedProjects) = preSolution
		{8390D92F-6DD8-467C-9BC9-311B5822D595} = {63272B6E-612B-4C64-B32C-0184E5C7E6D1}
		{27659E7E-6771-4D8E-A43A-08DDFE7B7B4C} = {63272B6E-612B-4C64-B32C-0184E5C7E6D1}
		{29108FCA-5751-4605-99D5-4F566DF8BC37} = {63272B6E-612B-4C64-B32C-0184E5C7E6D1}
		{99AE2A37-5288-46A3-A82E-72C866067426} = {63272B6E-612B-4C64-B32C-0184E5C7E6D1}
		{53773598-BEFC-4972-B92C-C700B77A1811} = {8BD29AEE-9359-4865-B38D-74AB0D30416A}
		{0099209A-EE7B-4F35-ADEF-2D4F0144B7B5} = {8BD29AEE-9359-4865-B38D-74AB0D30416A}
	EndGlobalSection
	GlobalSection(ExtensibilityGlobals) = postSolution
		SolutionGuid = {B329E902-11C1-4554-81A8-9357E1B08DC1}
	EndGlobalSection
EndGlobal
